
Microsoft Visual Studio Solution File, Format Version 12.00
# Visual Studio 2013
VisualStudioVersion = 12.0.21005.1
MinimumVisualStudioVersion = 10.0.40219.1
Project("{FAE04EC0-301F-11D3-BF4B-00C04F79EFBC}") = "MusicShareWeb", "MusicShare\MusicShareWeb.csproj", "{09513B08-4CD7-441E-BD88-E0A3F5B530AD}"
EndProject
Project("{FAE04EC0-301F-11D3-BF4B-00C04F79EFBC}") = "DAO", "DAO\DAO.csproj", "{C8160674-5B4F-42C4-9058-B5A5EB69215F}"
EndProject
Project("{2150E333-8FDC-42A3-9474-1A3956D46DE8}") = "MusicShare", "MusicShare", "{278463DD-716D-4DBA-8695-646C62CDCF58}"
EndProject
Project("{FAE04EC0-301F-11D3-BF4B-00C04F79EFBC}") = "BusinessLogic", "BusinessLogic\BusinessLogic.csproj", "{148CEB38-EFBD-4B48-A212-4FAE27E2455E}"
EndProject
Project("{FAE04EC0-301F-11D3-BF4B-00C04F79EFBC}") = "CommonUtils", "CommonUtils\CommonUtils.csproj", "{42C4B4EA-522D-4A79-BDD5-C9238B6F72CD}"
EndProject
Project("{FAE04EC0-301F-11D3-BF4B-00C04F79EFBC}") = "Core", "Core\Core.csproj", "{045C9F24-E693-4D0B-B934-72737DCCC844}"
EndProject
Project("{FAE04EC0-301F-11D3-BF4B-00C04F79EFBC}") = "Sandbox", "Sandbox\Sandbox.csproj", "{80F0A1A3-0914-4D38-99B5-D18EA9DC3E2F}"
EndProject
Project("{FAE04EC0-301F-11D3-BF4B-00C04F79EFBC}") = "NUnit", "NUnit\NUnit.csproj", "{F3329D2D-DAFB-4287-9319-D156C056D0B3}"
EndProject
Global
	GlobalSection(SolutionConfigurationPlatforms) = preSolution
		Debug|Any CPU = Debug|Any CPU
		Debug|Mixed Platforms = Debug|Mixed Platforms
		Debug|Win32 = Debug|Win32
		Release|Any CPU = Release|Any CPU
		Release|Mixed Platforms = Release|Mixed Platforms
		Release|Win32 = Release|Win32
	EndGlobalSection
	GlobalSection(ProjectConfigurationPlatforms) = postSolution
		{09513B08-4CD7-441E-BD88-E0A3F5B530AD}.Debug|Any CPU.ActiveCfg = Debug|Any CPU
		{09513B08-4CD7-441E-BD88-E0A3F5B530AD}.Debug|Any CPU.Build.0 = Debug|Any CPU
		{09513B08-4CD7-441E-BD88-E0A3F5B530AD}.Debug|Mixed Platforms.ActiveCfg = Debug|Any CPU
		{09513B08-4CD7-441E-BD88-E0A3F5B530AD}.Debug|Mixed Platforms.Build.0 = Debug|Any CPU
		{09513B08-4CD7-441E-BD88-E0A3F5B530AD}.Debug|Win32.ActiveCfg = Debug|Any CPU
		{09513B08-4CD7-441E-BD88-E0A3F5B530AD}.Release|Any CPU.ActiveCfg = Release|Any CPU
		{09513B08-4CD7-441E-BD88-E0A3F5B530AD}.Release|Any CPU.Build.0 = Release|Any CPU
		{09513B08-4CD7-441E-BD88-E0A3F5B530AD}.Release|Mixed Platforms.ActiveCfg = Release|Any CPU
		{09513B08-4CD7-441E-BD88-E0A3F5B530AD}.Release|Mixed Platforms.Build.0 = Release|Any CPU
		{09513B08-4CD7-441E-BD88-E0A3F5B530AD}.Release|Win32.ActiveCfg = Release|Any CPU
		{C8160674-5B4F-42C4-9058-B5A5EB69215F}.Debug|Any CPU.ActiveCfg = Debug|Any CPU
		{C8160674-5B4F-42C4-9058-B5A5EB69215F}.Debug|Any CPU.Build.0 = Debug|Any CPU
		{C8160674-5B4F-42C4-9058-B5A5EB69215F}.Debug|Mixed Platforms.ActiveCfg = Debug|Any CPU
		{C8160674-5B4F-42C4-9058-B5A5EB69215F}.Debug|Mixed Platforms.Build.0 = Debug|Any CPU
		{C8160674-5B4F-42C4-9058-B5A5EB69215F}.Debug|Win32.ActiveCfg = Debug|Any CPU
		{C8160674-5B4F-42C4-9058-B5A5EB69215F}.Release|Any CPU.ActiveCfg = Release|Any CPU
		{C8160674-5B4F-42C4-9058-B5A5EB69215F}.Release|Any CPU.Build.0 = Release|Any CPU
		{C8160674-5B4F-42C4-9058-B5A5EB69215F}.Release|Mixed Platforms.ActiveCfg = Release|Any CPU
		{C8160674-5B4F-42C4-9058-B5A5EB69215F}.Release|Mixed Platforms.Build.0 = Release|Any CPU
		{C8160674-5B4F-42C4-9058-B5A5EB69215F}.Release|Win32.ActiveCfg = Release|Any CPU
		{148CEB38-EFBD-4B48-A212-4FAE27E2455E}.Debug|Any CPU.ActiveCfg = Debug|Any CPU
		{148CEB38-EFBD-4B48-A212-4FAE27E2455E}.Debug|Any CPU.Build.0 = Debug|Any CPU
		{148CEB38-EFBD-4B48-A212-4FAE27E2455E}.Debug|Mixed Platforms.ActiveCfg = Debug|Any CPU
		{148CEB38-EFBD-4B48-A212-4FAE27E2455E}.Debug|Mixed Platforms.Build.0 = Debug|Any CPU
		{148CEB38-EFBD-4B48-A212-4FAE27E2455E}.Debug|Win32.ActiveCfg = Debug|Any CPU
		{148CEB38-EFBD-4B48-A212-4FAE27E2455E}.Release|Any CPU.ActiveCfg = Release|Any CPU
		{148CEB38-EFBD-4B48-A212-4FAE27E2455E}.Release|Any CPU.Build.0 = Release|Any CPU
		{148CEB38-EFBD-4B48-A212-4FAE27E2455E}.Release|Mixed Platforms.ActiveCfg = Release|Any CPU
		{148CEB38-EFBD-4B48-A212-4FAE27E2455E}.Release|Mixed Platforms.Build.0 = Release|Any CPU
		{148CEB38-EFBD-4B48-A212-4FAE27E2455E}.Release|Win32.ActiveCfg = Release|Any CPU
		{42C4B4EA-522D-4A79-BDD5-C9238B6F72CD}.Debug|Any CPU.ActiveCfg = Debug|Any CPU
		{42C4B4EA-522D-4A79-BDD5-C9238B6F72CD}.Debug|Any CPU.Build.0 = Debug|Any CPU
		{42C4B4EA-522D-4A79-BDD5-C9238B6F72CD}.Debug|Mixed Platforms.ActiveCfg = Debug|Any CPU
		{42C4B4EA-522D-4A79-BDD5-C9238B6F72CD}.Debug|Mixed Platforms.Build.0 = Debug|Any CPU
		{42C4B4EA-522D-4A79-BDD5-C9238B6F72CD}.Debug|Win32.ActiveCfg = Debug|Any CPU
		{42C4B4EA-522D-4A79-BDD5-C9238B6F72CD}.Release|Any CPU.ActiveCfg = Release|Any CPU
		{42C4B4EA-522D-4A79-BDD5-C9238B6F72CD}.Release|Any CPU.Build.0 = Release|Any CPU
		{42C4B4EA-522D-4A79-BDD5-C9238B6F72CD}.Release|Mixed Platforms.ActiveCfg = Release|Any CPU
		{42C4B4EA-522D-4A79-BDD5-C9238B6F72CD}.Release|Mixed Platforms.Build.0 = Release|Any CPU
		{42C4B4EA-522D-4A79-BDD5-C9238B6F72CD}.Release|Win32.ActiveCfg = Release|Any CPU
		{045C9F24-E693-4D0B-B934-72737DCCC844}.Debug|Any CPU.ActiveCfg = Debug|Any CPU
		{045C9F24-E693-4D0B-B934-72737DCCC844}.Debug|Any CPU.Build.0 = Debug|Any CPU
		{045C9F24-E693-4D0B-B934-72737DCCC844}.Debug|Mixed Platforms.ActiveCfg = Debug|Any CPU
		{045C9F24-E693-4D0B-B934-72737DCCC844}.Debug|Mixed Platforms.Build.0 = Debug|Any CPU
		{045C9F24-E693-4D0B-B934-72737DCCC844}.Debug|Win32.ActiveCfg = Debug|Any CPU
		{045C9F24-E693-4D0B-B934-72737DCCC844}.Release|Any CPU.ActiveCfg = Release|Any CPU
		{045C9F24-E693-4D0B-B934-72737DCCC844}.Release|Any CPU.Build.0 = Release|Any CPU
		{045C9F24-E693-4D0B-B934-72737DCCC844}.Release|Mixed Platforms.ActiveCfg = Release|Any CPU
		{045C9F24-E693-4D0B-B934-72737DCCC844}.Release|Mixed Platforms.Build.0 = Release|Any CPU
		{045C9F24-E693-4D0B-B934-72737DCCC844}.Release|Win32.ActiveCfg = Release|Any CPU
		{80F0A1A3-0914-4D38-99B5-D18EA9DC3E2F}.Debug|Any CPU.ActiveCfg = Debug|Any CPU
		{80F0A1A3-0914-4D38-99B5-D18EA9DC3E2F}.Debug|Any CPU.Build.0 = Debug|Any CPU
		{80F0A1A3-0914-4D38-99B5-D18EA9DC3E2F}.Debug|Mixed Platforms.ActiveCfg = Debug|Any CPU
		{80F0A1A3-0914-4D38-99B5-D18EA9DC3E2F}.Debug|Mixed Platforms.Build.0 = Debug|Any CPU
		{80F0A1A3-0914-4D38-99B5-D18EA9DC3E2F}.Debug|Win32.ActiveCfg = Debug|Any CPU
		{80F0A1A3-0914-4D38-99B5-D18EA9DC3E2F}.Release|Any CPU.ActiveCfg = Release|Any CPU
		{80F0A1A3-0914-4D38-99B5-D18EA9DC3E2F}.Release|Any CPU.Build.0 = Release|Any CPU
		{80F0A1A3-0914-4D38-99B5-D18EA9DC3E2F}.Release|Mixed Platforms.ActiveCfg = Release|Any CPU
		{80F0A1A3-0914-4D38-99B5-D18EA9DC3E2F}.Release|Mixed Platforms.Build.0 = Release|Any CPU
		{80F0A1A3-0914-4D38-99B5-D18EA9DC3E2F}.Release|Win32.ActiveCfg = Release|Any CPU
		{F3329D2D-DAFB-4287-9319-D156C056D0B3}.Debug|Any CPU.ActiveCfg = Debug|Any CPU
		{F3329D2D-DAFB-4287-9319-D156C056D0B3}.Debug|Any CPU.Build.0 = Debug|Any CPU
		{F3329D2D-DAFB-4287-9319-D156C056D0B3}.Debug|Mixed Platforms.ActiveCfg = Debug|Any CPU
		{F3329D2D-DAFB-4287-9319-D156C056D0B3}.Debug|Mixed Platforms.Build.0 = Debug|Any CPU
		{F3329D2D-DAFB-4287-9319-D156C056D0B3}.Debug|Win32.ActiveCfg = Debug|Any CPU
		{F3329D2D-DAFB-4287-9319-D156C056D0B3}.Release|Any CPU.ActiveCfg = Release|Any CPU
		{F3329D2D-DAFB-4287-9319-D156C056D0B3}.Release|Any CPU.Build.0 = Release|Any CPU
		{F3329D2D-DAFB-4287-9319-D156C056D0B3}.Release|Mixed Platforms.ActiveCfg = Release|Any CPU
		{F3329D2D-DAFB-4287-9319-D156C056D0B3}.Release|Mixed Platforms.Build.0 = Release|Any CPU
		{F3329D2D-DAFB-4287-9319-D156C056D0B3}.Release|Win32.ActiveCfg = Release|Any CPU
	EndGlobalSection
	GlobalSection(SolutionProperties) = preSolution
		HideSolutionNode = FALSE
	EndGlobalSection
	GlobalSection(NestedProjects) = preSolution
		{09513B08-4CD7-441E-BD88-E0A3F5B530AD} = {278463DD-716D-4DBA-8695-646C62CDCF58}
		{148CEB38-EFBD-4B48-A212-4FAE27E2455E} = {278463DD-716D-4DBA-8695-646C62CDCF58}
		{045C9F24-E693-4D0B-B934-72737DCCC844} = {278463DD-716D-4DBA-8695-646C62CDCF58}
		{80F0A1A3-0914-4D38-99B5-D18EA9DC3E2F} = {278463DD-716D-4DBA-8695-646C62CDCF58}
		{F3329D2D-DAFB-4287-9319-D156C056D0B3} = {278463DD-716D-4DBA-8695-646C62CDCF58}
	EndGlobalSection
EndGlobal
